
Microsoft Visual Studio Solution File, Format Version 12.00
# Visual Studio 15
Project("{FAE04EC0-301F-11D3-BF4B-00C04F79EFBC}") = "Assembly-CSharp", "Assembly-CSharp.csproj", "{5896C1D0-583B-A0E6-9327-B38CCC13DF08}"
EndProject
Global
	GlobalSection(SolutionConfigurationPlatforms) = preSolution
		Debug|Any CPU = Debug|Any CPU
		Release|Any CPU = Release|Any CPU
	EndGlobalSection
	GlobalSection(ProjectConfigurationPlatforms) = postSolution
		{5896C1D0-583B-A0E6-9327-B38CCC13DF08}.Debug|Any CPU.ActiveCfg = Debug|Any CPU
		{5896C1D0-583B-A0E6-9327-B38CCC13DF08}.Debug|Any CPU.Build.0 = Debug|Any CPU
		{5896C1D0-583B-A0E6-9327-B38CCC13DF08}.Release|Any CPU.ActiveCfg = Release|Any CPU
		{5896C1D0-583B-A0E6-9327-B38CCC13DF08}.Release|Any CPU.Build.0 = Release|Any CPU
	EndGlobalSection
	GlobalSection(SolutionProperties) = preSolution
		HideSolutionNode = FALSE
	EndGlobalSection
EndGlobal
